Microsoft Visual Studio Solution File, Format Version 12.00
# Visual Studio Version 16
VisualStudioVersion = 16.0.30717.126
MinimumVisualStudioVersion = 10.0.40219.1
Project("{FAE04EC0-301F-11D3-BF4B-00C04F79EFBC}") = "Comparator", "Comparator\Comparator.csproj", "{59EE182F-AD98-4991-921E-93F751FE5AAA}"
EndProject
Project("{9A19103F-16F7-4668-BE54-9A1E7A4F7556}") = "PropertiesComparer", "PropertiesComparer\PropertiesComparer.csproj", "{73528ED7-9A0B-4105-8618-503B854106E5}"
EndProject
Project("{9A19103F-16F7-4668-BE54-9A1E7A4F7556}") = "PropertiesComparer.UnitTests", "PropertiesComparer.UnitTests\PropertiesComparer.UnitTests.csproj", "{E861777D-474E-48A5-8C5B-F65AB2E245B7}"
EndProject
Global
	GlobalSection(SolutionConfigurationPlatforms) = preSolution
		Debug|Any CPU = Debug|Any CPU
		Release|Any CPU = Release|Any CPU
	EndGlobalSection
	GlobalSection(ProjectConfigurationPlatforms) = postSolution
		{59EE182F-AD98-4991-921E-93F751FE5AAA}.Debug|Any CPU.ActiveCfg = Debug|Any CPU
		{59EE182F-AD98-4991-921E-93F751FE5AAA}.Debug|Any CPU.Build.0 = Debug|Any CPU
		{59EE182F-AD98-4991-921E-93F751FE5AAA}.Release|Any CPU.ActiveCfg = Release|Any CPU
		{59EE182F-AD98-4991-921E-93F751FE5AAA}.Release|Any CPU.Build.0 = Release|Any CPU
		{73528ED7-9A0B-4105-8618-503B854106E5}.Debug|Any CPU.ActiveCfg = Debug|Any CPU
		{73528ED7-9A0B-4105-8618-503B854106E5}.Debug|Any CPU.Build.0 = Debug|Any CPU
		{73528ED7-9A0B-4105-8618-503B854106E5}.Release|Any CPU.ActiveCfg = Release|Any CPU
		{73528ED7-9A0B-4105-8618-503B854106E5}.Release|Any CPU.Build.0 = Release|Any CPU
		{E861777D-474E-48A5-8C5B-F65AB2E245B7}.Debug|Any CPU.ActiveCfg = Debug|Any CPU
		{E861777D-474E-48A5-8C5B-F65AB2E245B7}.Debug|Any CPU.Build.0 = Debug|Any CPU
		{E861777D-474E-48A5-8C5B-F65AB2E245B7}.Release|Any CPU.ActiveCfg = Release|Any CPU
		{E861777D-474E-48A5-8C5B-F65AB2E245B7}.Release|Any CPU.Build.0 = Release|Any CPU
	EndGlobalSection
	GlobalSection(SolutionProperties) = preSolution
		HideSolutionNode = FALSE
	EndGlobalSection
	GlobalSection(ExtensibilityGlobals) = postSolution
		SolutionGuid = {993345E8-9EEC-48E8-BDDF-214884C820B2}
	EndGlobalSection
EndGlobal
